// !$*UTF8*$!
{
	archiveVersion = 1;
	classes = {
	};
	objectVersion = 50;
	objects = {

/* Begin PBXBuildFile section */
		34794FF623634A1E00B0CE7F /* AppDelegate.swift in Sources */ = {isa = PBXBuildFile; fileRef = 34794FF523634A1E00B0CE7F /* AppDelegate.swift */; };
		34794FF823634A1E00B0CE7F /* SceneDelegate.swift in Sources */ = {isa = PBXBuildFile; fileRef = 34794FF723634A1E00B0CE7F /* SceneDelegate.swift */; };
		34794FFD23634A1F00B0CE7F /* Main.storyboard in Resources */ = {isa = PBXBuildFile; fileRef = 34794FFB23634A1F00B0CE7F /* Main.storyboard */; };
		34794FFF23634A1F00B0CE7F /* Assets.xcassets in Resources */ = {isa = PBXBuildFile; fileRef = 34794FFE23634A1F00B0CE7F /* Assets.xcassets */; };
		3479500223634A1F00B0CE7F /* LaunchScreen.storyboard in Resources */ = {isa = PBXBuildFile; fileRef = 3479500023634A1F00B0CE7F /* LaunchScreen.storyboard */; };
		3479500F23634F0900B0CE7F /* random.swift in Sources */ = {isa = PBXBuildFile; fileRef = 3479500E23634F0900B0CE7F /* random.swift */; };
		34795011236351BC00B0CE7F /* RandomController.swift in Sources */ = {isa = PBXBuildFile; fileRef = 34795010236351BC00B0CE7F /* RandomController.swift */; };
		34795013236357BE00B0CE7F /* RandomPersonTableViewController.swift in Sources */ = {isa = PBXBuildFile; fileRef = 34795012236357BE00B0CE7F /* RandomPersonTableViewController.swift */; };
/* End PBXBuildFile section */

/* Begin PBXFileReference section */
		34794FF223634A1E00B0CE7F /* assessment6.app */ = {isa = PBXFileReference; explicitFileType = wrapper.application; includeInIndex = 0; path = assessment6.app; sourceTree = BUILT_PRODUCTS_DIR; };
		34794FF523634A1E00B0CE7F /* AppDelegate.swift */ = {isa = PBXFileReference; lastKnownFileType = sourcecode.swift; path = AppDelegate.swift; sourceTree = "<group>"; };
		34794FF723634A1E00B0CE7F /* SceneDelegate.swift */ = {isa = PBXFileReference; lastKnownFileType = sourcecode.swift; path = SceneDelegate.swift; sourceTree = "<group>"; };
		34794FFC23634A1F00B0CE7F /* Base */ = {isa = PBXFileReference; lastKnownFileType = file.storyboard; name = Base; path = Base.lproj/Main.storyboard; sourceTree = "<group>"; };
		34794FFE23634A1F00B0CE7F /* Assets.xcassets */ = {isa = PBXFileReference; lastKnownFileType = folder.assetcatalog; path = Assets.xcassets; sourceTree = "<group>"; };
		3479500123634A1F00B0CE7F /* Base */ = {isa = PBXFileReference; lastKnownFileType = file.storyboard; name = Base; path = Base.lproj/LaunchScreen.storyboard; sourceTree = "<group>"; };
		3479500323634A1F00B0CE7F /* Info.plist */ = {isa = PBXFileReference; lastKnownFileType = text.plist.xml; path = Info.plist; sourceTree = "<group>"; };
		3479500E23634F0900B0CE7F /* random.swift */ = {isa = PBXFileReference; lastKnownFileType = sourcecode.swift; path = random.swift; sourceTree = "<group>"; };
		34795010236351BC00B0CE7F /* RandomController.swift */ = {isa = PBXFileReference; lastKnownFileType = sourcecode.swift; path = RandomController.swift; sourceTree = "<group>"; };
		34795012236357BE00B0CE7F /* RandomPersonTableViewController.swift */ = {isa = PBXFileReference; lastKnownFileType = sourcecode.swift; path = RandomPersonTableViewController.swift; sourceTree = "<group>"; };
/* End PBXFileReference section */

/* Begin PBXFrameworksBuildPhase section */
		34794FEF23634A1E00B0CE7F /* Frameworks */ = {
			isa = PBXFrameworksBuildPhase;
			buildActionMask = 2147483647;
			files = (
			);
			runOnlyForDeploymentPostprocessing = 0;
		};
/* End PBXFrameworksBuildPhase section */

/* Begin PBXGroup section */
		34794FE923634A1E00B0CE7F = {
			isa = PBXGroup;
			children = (
				34794FF423634A1E00B0CE7F /* assessment6 */,
				34794FF323634A1E00B0CE7F /* Products */,
			);
			sourceTree = "<group>";
		};
		34794FF323634A1E00B0CE7F /* Products */ = {
			isa = PBXGroup;
			children = (
				34794FF223634A1E00B0CE7F /* assessment6.app */,
			);
			name = Products;
			sourceTree = "<group>";
		};
		34794FF423634A1E00B0CE7F /* assessment6 */ = {
			isa = PBXGroup;
			children = (
				3479500B23634A7700B0CE7F /* controllers */,
				3479500A23634A6E00B0CE7F /* models */,
				3479500923634A3300B0CE7F /* resources */,
				34794FFB23634A1F00B0CE7F /* Main.storyboard */,
			);
			path = assessment6;
			sourceTree = "<group>";
		};
		3479500923634A3300B0CE7F /* resources */ = {
			isa = PBXGroup;
			children = (
				34794FF523634A1E00B0CE7F /* AppDelegate.swift */,
				34794FF723634A1E00B0CE7F /* SceneDelegate.swift */,
				34794FFE23634A1F00B0CE7F /* Assets.xcassets */,
				3479500023634A1F00B0CE7F /* LaunchScreen.storyboard */,
				3479500323634A1F00B0CE7F /* Info.plist */,
			);
			path = resources;
			sourceTree = "<group>";
		};
		3479500A23634A6E00B0CE7F /* models */ = {
			isa = PBXGroup;
			children = (
				3479500E23634F0900B0CE7F /* random.swift */,
			);
			path = models;
			sourceTree = "<group>";
		};
		3479500B23634A7700B0CE7F /* controllers */ = {
			isa = PBXGroup;
			children = (
				3479500D23634A8E00B0CE7F /* model controllers */,
				3479500C23634A8300B0CE7F /* view controllers */,
			);
			path = controllers;
			sourceTree = "<group>";
		};
		3479500C23634A8300B0CE7F /* view controllers */ = {
			isa = PBXGroup;
			children = (
				34795012236357BE00B0CE7F /* RandomPersonTableViewController.swift */,
			);
			path = "view controllers";
			sourceTree = "<group>";
		};
		3479500D23634A8E00B0CE7F /* model controllers */ = {
			isa = PBXGroup;
			children = (
				34795010236351BC00B0CE7F /* RandomController.swift */,
			);
			path = "model controllers";
			sourceTree = "<group>";
		};
/* End PBXGroup section */

/* Begin PBXNativeTarget section */
		34794FF123634A1E00B0CE7F /* assessment6 */ = {
			isa = PBXNativeTarget;
			buildConfigurationList = 3479500623634A1F00B0CE7F /* Build configuration list for PBXNativeTarget "assessment6" */;
			buildPhases = (
				34794FEE23634A1E00B0CE7F /* Sources */,
				34794FEF23634A1E00B0CE7F /* Frameworks */,
				34794FF023634A1E00B0CE7F /* Resources */,
			);
			buildRules = (
			);
			dependencies = (
			);
			name = assessment6;
			productName = assessment6;
			productReference = 34794FF223634A1E00B0CE7F /* assessment6.app */;
			productType = "com.apple.product-type.application";
		};
/* End PBXNativeTarget section */

/* Begin PBXProject section */
		34794FEA23634A1E00B0CE7F /* Project object */ = {
			isa = PBXProject;
			attributes = {
				LastSwiftUpdateCheck = 1110;
				LastUpgradeCheck = 1110;
				ORGANIZATIONNAME = "Matthew O'Connor";
				TargetAttributes = {
					34794FF123634A1E00B0CE7F = {
						CreatedOnToolsVersion = 11.1;
					};
				};
			};
			buildConfigurationList = 34794FED23634A1E00B0CE7F /* Build configuration list for PBXProject "assessment6" */;
			compatibilityVersion = "Xcode 9.3";
			developmentRegion = en;
			hasScannedForEncodings = 0;
			knownRegions = (
				en,
				Base,
			);
			mainGroup = 34794FE923634A1E00B0CE7F;
			productRefGroup = 34794FF323634A1E00B0CE7F /* Products */;
			projectDirPath = "";
			projectRoot = "";
			targets = (
				34794FF123634A1E00B0CE7F /* assessment6 */,
			);
		};
/* End PBXProject section */

/* Begin PBXResourcesBuildPhase section */
		34794FF023634A1E00B0CE7F /* Resources */ = {
			isa = PBXResourcesBuildPhase;
			buildActionMask = 2147483647;
			files = (
				3479500223634A1F00B0CE7F /* LaunchScreen.storyboard in Resources */,
				34794FFF23634A1F00B0CE7F /* Assets.xcassets in Resources */,
				34794FFD23634A1F00B0CE7F /* Main.storyboard in Resources */,
			);
			runOnlyForDeploymentPostprocessing = 0;
		};
/* End PBXResourcesBuildPhase section */

/* Begin PBXSourcesBuildPhase section */
		34794FEE23634A1E00B0CE7F /* Sources */ = {
			isa = PBXSourcesBuildPhase;
			buildActionMask = 2147483647;
			files = (
				3479500F23634F0900B0CE7F /* random.swift in Sources */,
				34794FF623634A1E00B0CE7F /* AppDelegate.swift in Sources */,
				34795011236351BC00B0CE7F /* RandomController.swift in Sources */,
				34795013236357BE00B0CE7F /* RandomPersonTableViewController.swift in Sources */,
				34794FF823634A1E00B0CE7F /* SceneDelegate.swift in Sources */,
			);
			runOnlyForDeploymentPostprocessing = 0;
		};
/* End PBXSourcesBuildPhase section */

/* Begin PBXVariantGroup section */
		34794FFB23634A1F00B0CE7F /* Main.storyboard */ = {
			isa = PBXVariantGroup;
			children = (
				34794FFC23634A1F00B0CE7F /* Base */,
			);
			name = Main.storyboard;
			sourceTree = "<group>";
		};
		3479500023634A1F00B0CE7F /* LaunchScreen.storyboard */ = {
			isa = PBXVariantGroup;
			children = (
				3479500123634A1F00B0CE7F /* Base */,
			);
			name = LaunchScreen.storyboard;
			sourceTree = "<group>";
		};
/* End PBXVariantGroup section */

/* Begin XCBuildConfiguration section */
		3479500423634A1F00B0CE7F /* Debug */ = {
			isa = XCBuildConfiguration;
			buildSettings = {
				ALWAYS_SEARCH_USER_PATHS = NO;
				CLANG_ANALYZER_NONNULL = YES;
				CLANG_ANALYZER_NUMBER_OBJECT_CONVERSION = YES_AGGRESSIVE;
				CLANG_CXX_LANGUAGE_STANDARD = "gnu++14";
				CLANG_CXX_LIBRARY = "libc++";
				CLANG_ENABLE_MODULES = YES;
				CLANG_ENABLE_OBJC_ARC = YES;
				CLANG_ENABLE_OBJC_WEAK = YES;
				CLANG_WARN_BLOCK_CAPTURE_AUTORELEASING = YES;
				CLANG_WARN_BOOL_CONVERSION = YES;
				CLANG_WARN_COMMA = YES;
				CLANG_WARN_CONSTANT_CONVERSION = YES;
				CLANG_WARN_DEPRECATED_OBJC_IMPLEMENTATIONS = YES;
				CLANG_WARN_DIRECT_OBJC_ISA_USAGE = YES_ERROR;
				CLANG_WARN_DOCUMENTATION_COMMENTS = YES;
				CLANG_WARN_EMPTY_BODY = YES;
				CLANG_WARN_ENUM_CONVERSION = YES;
				CLANG_WARN_INFINITE_RECURSION = YES;
				CLANG_WARN_INT_CONVERSION = YES;
				CLANG_WARN_NON_LITERAL_NULL_CONVERSION = YES;
				CLANG_WARN_OBJC_IMPLICIT_RETAIN_SELF = YES;
				CLANG_WARN_OBJC_LITERAL_CONVERSION = YES;
				CLANG_WARN_OBJC_ROOT_CLASS = YES_ERROR;
				CLANG_WARN_RANGE_LOOP_ANALYSIS = YES;
				CLANG_WARN_STRICT_PROTOTYPES = YES;
				CLANG_WARN_SUSPICIOUS_MOVE = YES;
				CLANG_WARN_UNGUARDED_AVAILABILITY = YES_AGGRESSIVE;
				CLANG_WARN_UNREACHABLE_CODE = YES;
				CLANG_WARN__DUPLICATE_METHOD_MATCH = YES;
				COPY_PHASE_STRIP = NO;
				DEBUG_INFORMATION_FORMAT = dwarf;
				ENABLE_STRICT_OBJC_MSGSEND = YES;
				ENABLE_TESTABILITY = YES;
				GCC_C_LANGUAGE_STANDARD = gnu11;
				GCC_DYNAMIC_NO_PIC = NO;
				GCC_NO_COMMON_BLOCKS = YES;
				GCC_OPTIMIZATION_LEVEL = 0;
				GCC_PREPROCESSOR_DEFINITIONS = (
					"DEBUG=1",
					"$(inherited)",
				);
				GCC_WARN_64_TO_32_BIT_CONVERSION = YES;
				GCC_WARN_ABOUT_RETURN_TYPE = YES_ERROR;
				GCC_WARN_UNDECLARED_SELECTOR = YES;
				GCC_WARN_UNINITIALIZED_AUTOS = YES_AGGRESSIVE;
				GCC_WARN_UNUSED_FUNCTION = YES;
				GCC_WARN_UNUSED_VARIABLE = YES;
				IPHONEOS_DEPLOYMENT_TARGET = 13.1;
				MTL_ENABLE_DEBUG_INFO = INCLUDE_SOURCE;
				MTL_FAST_MATH = YES;
				ONLY_ACTIVE_ARCH = YES;
				SDKROOT = iphoneos;
				SWIFT_ACTIVE_COMPILATION_CONDITIONS = DEBUG;
				SWIFT_OPTIMIZATION_LEVEL = "-Onone";
			};
			name = Debug;
		};
		3479500523634A1F00B0CE7F /* Release */ = {
			isa = XCBuildConfiguration;
			buildSettings = {
				ALWAYS_SEARCH_USER_PATHS = NO;
				CLANG_ANALYZER_NONNULL = YES;
				CLANG_ANALYZER_NUMBER_OBJECT_CONVERSION = YES_AGGRESSIVE;
				CLANG_CXX_LANGUAGE_STANDARD = "gnu++14";
				CLANG_CXX_LIBRARY = "libc++";
				CLANG_ENABLE_MODULES = YES;
				CLANG_ENABLE_OBJC_ARC = YES;
				CLANG_ENABLE_OBJC_WEAK = YES;
				CLANG_WARN_BLOCK_CAPTURE_AUTORELEASING = YES;
				CLANG_WARN_BOOL_CONVERSION = YES;
				CLANG_WARN_COMMA = YES;
				CLANG_WARN_CONSTANT_CONVERSION = YES;
				CLANG_WARN_DEPRECATED_OBJC_IMPLEMENTATIONS = YES;
				CLANG_WARN_DIRECT_OBJC_ISA_USAGE = YES_ERROR;
				CLANG_WARN_DOCUMENTATION_COMMENTS = YES;
				CLANG_WARN_EMPTY_BODY = YES;
				CLANG_WARN_ENUM_CONVERSION = YES;
				CLANG_WARN_INFINITE_RECURSION = YES;
				CLANG_WARN_INT_CONVERSION = YES;
				CLANG_WARN_NON_LITERAL_NULL_CONVERSION = YES;
				CLANG_WARN_OBJC_IMPLICIT_RETAIN_SELF = YES;
				CLANG_WARN_OBJC_LITERAL_CONVERSION = YES;
				CLANG_WARN_OBJC_ROOT_CLASS = YES_ERROR;
				CLANG_WARN_RANGE_LOOP_ANALYSIS = YES;
				CLANG_WARN_STRICT_PROTOTYPES = YES;
				CLANG_WARN_SUSPICIOUS_MOVE = YES;
				CLANG_WARN_UNGUARDED_AVAILABILITY = YES_AGGRESSIVE;
				CLANG_WARN_UNREACHABLE_CODE = YES;
				CLANG_WARN__DUPLICATE_METHOD_MATCH = YES;
				COPY_PHASE_STRIP = NO;
				DEBUG_INFORMATION_FORMAT = "dwarf-with-dsym";
				ENABLE_NS_ASSERTIONS = NO;
				ENABLE_STRICT_OBJC_MSGSEND = YES;
				GCC_C_LANGUAGE_STANDARD = gnu11;
				GCC_NO_COMMON_BLOCKS = YES;
				GCC_WARN_64_TO_32_BIT_CONVERSION = YES;
				GCC_WARN_ABOUT_RETURN_TYPE = YES_ERROR;
				GCC_WARN_UNDECLARED_SELECTOR = YES;
				GCC_WARN_UNINITIALIZED_AUTOS = YES_AGGRESSIVE;
				GCC_WARN_UNUSED_FUNCTION = YES;
				GCC_WARN_UNUSED_VARIABLE = YES;
				IPHONEOS_DEPLOYMENT_TARGET = 13.1;
				MTL_ENABLE_DEBUG_INFO = NO;
				MTL_FAST_MATH = YES;
				SDKROOT = iphoneos;
				SWIFT_COMPILATION_MODE = wholemodule;
				SWIFT_OPTIMIZATION_LEVEL = "-O";
				VALIDATE_PRODUCT = YES;
			};
			name = Release;
		};
		3479500723634A1F00B0CE7F /* Debug */ = {
			isa = XCBuildConfiguration;
			buildSettings = {
				ASSETCATALOG_COMPILER_APPICON_NAME = AppIcon;
				CODE_SIGN_STYLE = Automatic;
				DEVELOPMENT_TEAM = RRGZ3XLFVN;
				INFOPLIST_FILE = assessment6/resources/Info.plist;
				LD_RUNPATH_SEARCH_PATHS = (
					"$(inherited)",
					"@executable_path/Frameworks",
				);
				PRODUCT_BUNDLE_IDENTIFIER = deltas2k.assessment6;
				PRODUCT_NAME = "$(TARGET_NAME)";
				SWIFT_VERSION = 5.0;
				TARGETED_DEVICE_FAMILY = "1,2";
			};
			name = Debug;
		};
		3479500823634A1F00B0CE7F /* Release */ = {
			isa = XCBuildConfiguration;
			buildSettings = {
				ASSETCATALOG_COMPILER_APPICON_NAME = AppIcon;
				CODE_SIGN_STYLE = Automatic;
				DEVELOPMENT_TEAM = RRGZ3XLFVN;
				INFOPLIST_FILE = assessment6/resources/Info.plist;
				LD_RUNPATH_SEARCH_PATHS = (
					"$(inherited)",
					"@executable_path/Frameworks",
				);
				PRODUCT_BUNDLE_IDENTIFIER = deltas2k.assessment6;
				PRODUCT_NAME = "$(TARGET_NAME)";
				SWIFT_VERSION = 5.0;
				TARGETED_DEVICE_FAMILY = "1,2";
			};
			name = Release;
		};
/* End XCBuildConfiguration section */

/* Begin XCConfigurationList section */
		34794FED23634A1E00B0CE7F /* Build configuration list for PBXProject "assessment6" */ = {
			isa = XCConfigurationList;
			buildConfigurations = (
				3479500423634A1F00B0CE7F /* Debug */,
				3479500523634A1F00B0CE7F /* Release */,
			);
			defaultConfigurationIsVisible = 0;
			defaultConfigurationName = Release;
		};
		3479500623634A1F00B0CE7F /* Build configuration list for PBXNativeTarget "assessment6" */ = {
			isa = XCConfigurationList;
			buildConfigurations = (
				3479500723634A1F00B0CE7F /* Debug */,
				3479500823634A1F00B0CE7F /* Release */,
			);
			defaultConfigurationIsVisible = 0;
			defaultConfigurationName = Release;
		};
/* End XCConfigurationList section */
	};
	rootObject = 34794FEA23634A1E00B0CE7F /* Project object */;
}
